// !$*UTF8*$!
{
	archiveVersion = 1;
	classes = {
	};
	objectVersion = 48;
	objects = {

/* Begin PBXBuildFile section */
		48E4FC821FECAFED00295B4D /* AppDelegate.swift in Sources */ = {isa = PBXBuildFile; fileRef = 48E4FC811FECAFED00295B4D /* AppDelegate.swift */; };
		48E4FC841FECAFED00295B4D /* MealViewController.swift in Sources */ = {isa = PBXBuildFile; fileRef = 48E4FC831FECAFED00295B4D /* MealViewController.swift */; };
		48E4FC871FECAFED00295B4D /* Main.storyboard in Resources */ = {isa = PBXBuildFile; fileRef = 48E4FC851FECAFED00295B4D /* Main.storyboard */; };
		48E4FC891FECAFED00295B4D /* Assets.xcassets in Resources */ = {isa = PBXBuildFile; fileRef = 48E4FC881FECAFED00295B4D /* Assets.xcassets */; };
		48E4FC8C1FECAFED00295B4D /* LaunchScreen.storyboard in Resources */ = {isa = PBXBuildFile; fileRef = 48E4FC8A1FECAFED00295B4D /* LaunchScreen.storyboard */; };
		48E4FC971FECAFED00295B4D /* FoodTrackerTests.swift in Sources */ = {isa = PBXBuildFile; fileRef = 48E4FC961FECAFED00295B4D /* FoodTrackerTests.swift */; };
		48E4FCA21FECCEBC00295B4D /* RatingControl.swift in Sources */ = {isa = PBXBuildFile; fileRef = 48E4FCA11FECCEBC00295B4D /* RatingControl.swift */; };
		48E4FCA41FECEB9300295B4D /* Meal.swift in Sources */ = {isa = PBXBuildFile; fileRef = 48E4FCA31FECEB9300295B4D /* Meal.swift */; };
		48E4FCA61FECF0F800295B4D /* MealTableViewCell.swift in Sources */ = {isa = PBXBuildFile; fileRef = 48E4FCA51FECF0F800295B4D /* MealTableViewCell.swift */; };
		48E4FCA81FECF91D00295B4D /* MealTableViewController.swift in Sources */ = {isa = PBXBuildFile; fileRef = 48E4FCA71FECF91D00295B4D /* MealTableViewController.swift */; };
/* End PBXBuildFile section */

/* Begin PBXContainerItemProxy section */
		48E4FC931FECAFED00295B4D /* PBXContainerItemProxy */ = {
			isa = PBXContainerItemProxy;
			containerPortal = 48E4FC761FECAFED00295B4D /* Project object */;
			proxyType = 1;
			remoteGlobalIDString = 48E4FC7D1FECAFED00295B4D;
			remoteInfo = FoodTracker;
		};
/* End PBXContainerItemProxy section */

/* Begin PBXFileReference section */
		48E4FC7E1FECAFED00295B4D /* FoodTracker.app */ = {isa = PBXFileReference; explicitFileType = wrapper.application; includeInIndex = 0; path = FoodTracker.app; sourceTree = BUILT_PRODUCTS_DIR; };
		48E4FC811FECAFED00295B4D /* AppDelegate.swift */ = {isa = PBXFileReference; lastKnownFileType = sourcecode.swift; path = AppDelegate.swift; sourceTree = "<group>"; };
		48E4FC831FECAFED00295B4D /* MealViewController.swift */ = {isa = PBXFileReference; lastKnownFileType = sourcecode.swift; path = MealViewController.swift; sourceTree = "<group>"; };
		48E4FC861FECAFED00295B4D /* Base */ = {isa = PBXFileReference; lastKnownFileType = file.storyboard; name = Base; path = Base.lproj/Main.storyboard; sourceTree = "<group>"; };
		48E4FC881FECAFED00295B4D /* Assets.xcassets */ = {isa = PBXFileReference; lastKnownFileType = folder.assetcatalog; path = Assets.xcassets; sourceTree = "<group>"; };
		48E4FC8B1FECAFED00295B4D /* Base */ = {isa = PBXFileReference; lastKnownFileType = file.storyboard; name = Base; path = Base.lproj/LaunchScreen.storyboard; sourceTree = "<group>"; };
		48E4FC8D1FECAFED00295B4D /* Info.plist */ = {isa = PBXFileReference; lastKnownFileType = text.plist.xml; path = Info.plist; sourceTree = "<group>"; };
		48E4FC921FECAFED00295B4D /* FoodTrackerTests.xctest */ = {isa = PBXFileReference; explicitFileType = wrapper.cfbundle; includeInIndex = 0; path = FoodTrackerTests.xctest; sourceTree = BUILT_PRODUCTS_DIR; };
		48E4FC961FECAFED00295B4D /* FoodTrackerTests.swift */ = {isa = PBXFileReference; lastKnownFileType = sourcecode.swift; path = FoodTrackerTests.swift; sourceTree = "<group>"; };
		48E4FC981FECAFED00295B4D /* Info.plist */ = {isa = PBXFileReference; lastKnownFileType = text.plist.xml; path = Info.plist; sourceTree = "<group>"; };
		48E4FCA11FECCEBC00295B4D /* RatingControl.swift */ = {isa = PBXFileReference; lastKnownFileType = sourcecode.swift; path = RatingControl.swift; sourceTree = "<group>"; };
		48E4FCA31FECEB9300295B4D /* Meal.swift */ = {isa = PBXFileReference; lastKnownFileType = sourcecode.swift; path = Meal.swift; sourceTree = "<group>"; };
		48E4FCA51FECF0F800295B4D /* MealTableViewCell.swift */ = {isa = PBXFileReference; lastKnownFileType = sourcecode.swift; path = MealTableViewCell.swift; sourceTree = "<group>"; };
		48E4FCA71FECF91D00295B4D /* MealTableViewController.swift */ = {isa = PBXFileReference; lastKnownFileType = sourcecode.swift; path = MealTableViewController.swift; sourceTree = "<group>"; };
/* End PBXFileReference section */

/* Begin PBXFrameworksBuildPhase section */
		48E4FC7B1FECAFED00295B4D /* Frameworks */ = {
			isa = PBXFrameworksBuildPhase;
			buildActionMask = 2147483647;
			files = (
			);
			runOnlyForDeploymentPostprocessing = 0;
		};
		48E4FC8F1FECAFED00295B4D /* Frameworks */ = {
			isa = PBXFrameworksBuildPhase;
			buildActionMask = 2147483647;
			files = (
			);
			runOnlyForDeploymentPostprocessing = 0;
		};
/* End PBXFrameworksBuildPhase section */

/* Begin PBXGroup section */
		48E4FC751FECAFED00295B4D = {
			isa = PBXGroup;
			children = (
				48E4FC801FECAFED00295B4D /* FoodTracker */,
				48E4FC951FECAFED00295B4D /* FoodTrackerTests */,
				48E4FC7F1FECAFED00295B4D /* Products */,
			);
			sourceTree = "<group>";
		};
		48E4FC7F1FECAFED00295B4D /* Products */ = {
			isa = PBXGroup;
			children = (
				48E4FC7E1FECAFED00295B4D /* FoodTracker.app */,
				48E4FC921FECAFED00295B4D /* FoodTrackerTests.xctest */,
			);
			name = Products;
			sourceTree = "<group>";
		};
		48E4FC801FECAFED00295B4D /* FoodTracker */ = {
			isa = PBXGroup;
			children = (
				48E4FC811FECAFED00295B4D /* AppDelegate.swift */,
				48E4FC831FECAFED00295B4D /* MealViewController.swift */,
				48E4FCA31FECEB9300295B4D /* Meal.swift */,
				48E4FCA11FECCEBC00295B4D /* RatingControl.swift */,
				48E4FCA51FECF0F800295B4D /* MealTableViewCell.swift */,
				48E4FCA71FECF91D00295B4D /* MealTableViewController.swift */,
				48E4FC851FECAFED00295B4D /* Main.storyboard */,
				48E4FC881FECAFED00295B4D /* Assets.xcassets */,
				48E4FC8A1FECAFED00295B4D /* LaunchScreen.storyboard */,
				48E4FC8D1FECAFED00295B4D /* Info.plist */,
			);
			path = FoodTracker;
			sourceTree = "<group>";
		};
		48E4FC951FECAFED00295B4D /* FoodTrackerTests */ = {
			isa = PBXGroup;
			children = (
				48E4FC961FECAFED00295B4D /* FoodTrackerTests.swift */,
				48E4FC981FECAFED00295B4D /* Info.plist */,
			);
			path = FoodTrackerTests;
			sourceTree = "<group>";
		};
/* End PBXGroup section */

/* Begin PBXNativeTarget section */
		48E4FC7D1FECAFED00295B4D /* FoodTracker */ = {
			isa = PBXNativeTarget;
			buildConfigurationList = 48E4FC9B1FECAFED00295B4D /* Build configuration list for PBXNativeTarget "FoodTracker" */;
			buildPhases = (
				48E4FC7A1FECAFED00295B4D /* Sources */,
				48E4FC7B1FECAFED00295B4D /* Frameworks */,
				48E4FC7C1FECAFED00295B4D /* Resources */,
			);
			buildRules = (
			);
			dependencies = (
			);
			name = FoodTracker;
			productName = FoodTracker;
			productReference = 48E4FC7E1FECAFED00295B4D /* FoodTracker.app */;
			productType = "com.apple.product-type.application";
		};
		48E4FC911FECAFED00295B4D /* FoodTrackerTests */ = {
			isa = PBXNativeTarget;
			buildConfigurationList = 48E4FC9E1FECAFED00295B4D /* Build configuration list for PBXNativeTarget "FoodTrackerTests" */;
			buildPhases = (
				48E4FC8E1FECAFED00295B4D /* Sources */,
				48E4FC8F1FECAFED00295B4D /* Frameworks */,
				48E4FC901FECAFED00295B4D /* Resources */,
			);
			buildRules = (
			);
			dependencies = (
				48E4FC941FECAFED00295B4D /* PBXTargetDependency */,
			);
			name = FoodTrackerTests;
			productName = FoodTrackerTests;
			productReference = 48E4FC921FECAFED00295B4D /* FoodTrackerTests.xctest */;
			productType = "com.apple.product-type.bundle.unit-test";
		};
/* End PBXNativeTarget section */

/* Begin PBXProject section */
		48E4FC761FECAFED00295B4D /* Project object */ = {
			isa = PBXProject;
			attributes = {
				LastSwiftUpdateCheck = 0920;
				LastUpgradeCheck = 0920;
				ORGANIZATIONNAME = LuharSoft;
				TargetAttributes = {
					48E4FC7D1FECAFED00295B4D = {
						CreatedOnToolsVersion = 9.2;
						ProvisioningStyle = Automatic;
					};
					48E4FC911FECAFED00295B4D = {
						CreatedOnToolsVersion = 9.2;
						ProvisioningStyle = Automatic;
						TestTargetID = 48E4FC7D1FECAFED00295B4D;
					};
				};
			};
			buildConfigurationList = 48E4FC791FECAFED00295B4D /* Build configuration list for PBXProject "FoodTracker" */;
			compatibilityVersion = "Xcode 8.0";
			developmentRegion = en;
			hasScannedForEncodings = 0;
			knownRegions = (
				en,
				Base,
			);
			mainGroup = 48E4FC751FECAFED00295B4D;
			productRefGroup = 48E4FC7F1FECAFED00295B4D /* Products */;
			projectDirPath = "";
			projectRoot = "";
			targets = (
				48E4FC7D1FECAFED00295B4D /* FoodTracker */,
				48E4FC911FECAFED00295B4D /* FoodTrackerTests */,
			);
		};
/* End PBXProject section */

/* Begin PBXResourcesBuildPhase section */
		48E4FC7C1FECAFED00295B4D /* Resources */ = {
			isa = PBXResourcesBuildPhase;
			buildActionMask = 2147483647;
			files = (
				48E4FC8C1FECAFED00295B4D /* LaunchScreen.storyboard in Resources */,
				48E4FC891FECAFED00295B4D /* Assets.xcassets in Resources */,
				48E4FC871FECAFED00295B4D /* Main.storyboard in Resources */,
			);
			runOnlyForDeploymentPostprocessing = 0;
		};
		48E4FC901FECAFED00295B4D /* Resources */ = {
			isa = PBXResourcesBuildPhase;
			buildActionMask = 2147483647;
			files = (
			);
			runOnlyForDeploymentPostprocessing = 0;
		};
/* End PBXResourcesBuildPhase section */

/* Begin PBXSourcesBuildPhase section */
		48E4FC7A1FECAFED00295B4D /* Sources */ = {
			isa = PBXSourcesBuildPhase;
			buildActionMask = 2147483647;
			files = (
				48E4FCA41FECEB9300295B4D /* Meal.swift in Sources */,
				48E4FC841FECAFED00295B4D /* MealViewController.swift in Sources */,
				48E4FCA21FECCEBC00295B4D /* RatingControl.swift in Sources */,
				48E4FC821FECAFED00295B4D /* AppDelegate.swift in Sources */,
				48E4FCA81FECF91D00295B4D /* MealTableViewController.swift in Sources */,
				48E4FCA61FECF0F800295B4D /* MealTableViewCell.swift in Sources */,
			);
			runOnlyForDeploymentPostprocessing = 0;
		};
		48E4FC8E1FECAFED00295B4D /* Sources */ = {
			isa = PBXSourcesBuildPhase;
			buildActionMask = 2147483647;
			files = (
				48E4FC971FECAFED00295B4D /* FoodTrackerTests.swift in Sources */,
			);
			runOnlyForDeploymentPostprocessing = 0;
		};
/* End PBXSourcesBuildPhase section */

/* Begin PBXTargetDependency section */
		48E4FC941FECAFED00295B4D /* PBXTargetDependency */ = {
			isa = PBXTargetDependency;
			target = 48E4FC7D1FECAFED00295B4D /* FoodTracker */;
			targetProxy = 48E4FC931FECAFED00295B4D /* PBXContainerItemProxy */;
		};
/* End PBXTargetDependency section */

/* Begin PBXVariantGroup section */
		48E4FC851FECAFED00295B4D /* Main.storyboard */ = {
			isa = PBXVariantGroup;
			children = (
				48E4FC861FECAFED00295B4D /* Base */,
			);
			name = Main.storyboard;
			sourceTree = "<group>";
		};
		48E4FC8A1FECAFED00295B4D /* LaunchScreen.storyboard */ = {
			isa = PBXVariantGroup;
			children = (
				48E4FC8B1FECAFED00295B4D /* Base */,
			);
			name = LaunchScreen.storyboard;
			sourceTree = "<group>";
		};
/* End PBXVariantGroup section */

/* Begin XCBuildConfiguration section */
		48E4FC991FECAFED00295B4D /* Debug */ = {
			isa = XCBuildConfiguration;
			buildSettings = {
				ALWAYS_SEARCH_USER_PATHS = NO;
				CLANG_ANALYZER_NONNULL = YES;
				CLANG_ANALYZER_NUMBER_OBJECT_CONVERSION = YES_AGGRESSIVE;
				CLANG_CXX_LANGUAGE_STANDARD = "gnu++14";
				CLANG_CXX_LIBRARY = "libc++";
				CLANG_ENABLE_MODULES = YES;
				CLANG_ENABLE_OBJC_ARC = YES;
				CLANG_WARN_BLOCK_CAPTURE_AUTORELEASING = YES;
				CLANG_WARN_BOOL_CONVERSION = YES;
				CLANG_WARN_COMMA = YES;
				CLANG_WARN_CONSTANT_CONVERSION = YES;
				CLANG_WARN_DIRECT_OBJC_ISA_USAGE = YES_ERROR;
				CLANG_WARN_DOCUMENTATION_COMMENTS = YES;
				CLANG_WARN_EMPTY_BODY = YES;
				CLANG_WARN_ENUM_CONVERSION = YES;
				CLANG_WARN_INFINITE_RECURSION = YES;
				CLANG_WARN_INT_CONVERSION = YES;
				CLANG_WARN_NON_LITERAL_NULL_CONVERSION = YES;
				CLANG_WARN_OBJC_LITERAL_CONVERSION = YES;
				CLANG_WARN_OBJC_ROOT_CLASS = YES_ERROR;
				CLANG_WARN_RANGE_LOOP_ANALYSIS = YES;
				CLANG_WARN_STRICT_PROTOTYPES = YES;
				CLANG_WARN_SUSPICIOUS_MOVE = YES;
				CLANG_WARN_UNGUARDED_AVAILABILITY = YES_AGGRESSIVE;
				CLANG_WARN_UNREACHABLE_CODE = YES;
				CLANG_WARN__DUPLICATE_METHOD_MATCH = YES;
				CODE_SIGN_IDENTITY = "iPhone Developer";
				COPY_PHASE_STRIP = NO;
				DEBUG_INFORMATION_FORMAT = dwarf;
				ENABLE_STRICT_OBJC_MSGSEND = YES;
				ENABLE_TESTABILITY = YES;
				GCC_C_LANGUAGE_STANDARD = gnu11;
				GCC_DYNAMIC_NO_PIC = NO;
				GCC_NO_COMMON_BLOCKS = YES;
				GCC_OPTIMIZATION_LEVEL = 0;
				GCC_PREPROCESSOR_DEFINITIONS = (
					"DEBUG=1",
					"$(inherited)",
				);
				GCC_WARN_64_TO_32_BIT_CONVERSION = YES;
				GCC_WARN_ABOUT_RETURN_TYPE = YES_ERROR;
				GCC_WARN_UNDECLARED_SELECTOR = YES;
				GCC_WARN_UNINITIALIZED_AUTOS = YES_AGGRESSIVE;
				GCC_WARN_UNUSED_FUNCTION = YES;
				GCC_WARN_UNUSED_VARIABLE = YES;
				IPHONEOS_DEPLOYMENT_TARGET = 11.2;
				MTL_ENABLE_DEBUG_INFO = YES;
				ONLY_ACTIVE_ARCH = YES;
				SDKROOT = iphoneos;
				SWIFT_ACTIVE_COMPILATION_CONDITIONS = DEBUG;
				SWIFT_OPTIMIZATION_LEVEL = "-Onone";
			};
			name = Debug;
		};
		48E4FC9A1FECAFED00295B4D /* Release */ = {
			isa = XCBuildConfiguration;
			buildSettings = {
				ALWAYS_SEARCH_USER_PATHS = NO;
				CLANG_ANALYZER_NONNULL = YES;
				CLANG_ANALYZER_NUMBER_OBJECT_CONVERSION = YES_AGGRESSIVE;
				CLANG_CXX_LANGUAGE_STANDARD = "gnu++14";
				CLANG_CXX_LIBRARY = "libc++";
				CLANG_ENABLE_MODULES = YES;
				CLANG_ENABLE_OBJC_ARC = YES;
				CLANG_WARN_BLOCK_CAPTURE_AUTORELEASING = YES;
				CLANG_WARN_BOOL_CONVERSION = YES;
				CLANG_WARN_COMMA = YES;
				CLANG_WARN_CONSTANT_CONVERSION = YES;
				CLANG_WARN_DIRECT_OBJC_ISA_USAGE = YES_ERROR;
				CLANG_WARN_DOCUMENTATION_COMMENTS = YES;
				CLANG_WARN_EMPTY_BODY = YES;
				CLANG_WARN_ENUM_CONVERSION = YES;
				CLANG_WARN_INFINITE_RECURSION = YES;
				CLANG_WARN_INT_CONVERSION = YES;
				CLANG_WARN_NON_LITERAL_NULL_CONVERSION = YES;
				CLANG_WARN_OBJC_LITERAL_CONVERSION = YES;
				CLANG_WARN_OBJC_ROOT_CLASS = YES_ERROR;
				CLANG_WARN_RANGE_LOOP_ANALYSIS = YES;
				CLANG_WARN_STRICT_PROTOTYPES = YES;
				CLANG_WARN_SUSPICIOUS_MOVE = YES;
				CLANG_WARN_UNGUARDED_AVAILABILITY = YES_AGGRESSIVE;
				CLANG_WARN_UNREACHABLE_CODE = YES;
				CLANG_WARN__DUPLICATE_METHOD_MATCH = YES;
				CODE_SIGN_IDENTITY = "iPhone Developer";
				COPY_PHASE_STRIP = NO;
				DEBUG_INFORMATION_FORMAT = "dwarf-with-dsym";
				ENABLE_NS_ASSERTIONS = NO;
				ENABLE_STRICT_OBJC_MSGSEND = YES;
				GCC_C_LANGUAGE_STANDARD = gnu11;
				GCC_NO_COMMON_BLOCKS = YES;
				GCC_WARN_64_TO_32_BIT_CONVERSION = YES;
				GCC_WARN_ABOUT_RETURN_TYPE = YES_ERROR;
				GCC_WARN_UNDECLARED_SELECTOR = YES;
				GCC_WARN_UNINITIALIZED_AUTOS = YES_AGGRESSIVE;
				GCC_WARN_UNUSED_FUNCTION = YES;
				GCC_WARN_UNUSED_VARIABLE = YES;
				IPHONEOS_DEPLOYMENT_TARGET = 11.2;
				MTL_ENABLE_DEBUG_INFO = NO;
				SDKROOT = iphoneos;
				SWIFT_OPTIMIZATION_LEVEL = "-Owholemodule";
				VALIDATE_PRODUCT = YES;
			};
			name = Release;
		};
		48E4FC9C1FECAFED00295B4D /* Debug */ = {
			isa = XCBuildConfiguration;
			buildSettings = {
				ASSETCATALOG_COMPILER_APPICON_NAME = AppIcon;
				CODE_SIGN_STYLE = Automatic;
				INFOPLIST_FILE = FoodTracker/Info.plist;
				LD_RUNPATH_SEARCH_PATHS = "$(inherited) @executable_path/Frameworks";
				PRODUCT_BUNDLE_IDENTIFIER = com.luharsoft.apps.training.FoodTracker;
				PRODUCT_NAME = "$(TARGET_NAME)";
				SWIFT_VERSION = 4.0;
				TARGETED_DEVICE_FAMILY = 1;
			};
			name = Debug;
		};
		48E4FC9D1FECAFED00295B4D /* Release */ = {
			isa = XCBuildConfiguration;
			buildSettings = {
				ASSETCATALOG_COMPILER_APPICON_NAME = AppIcon;
				CODE_SIGN_STYLE = Automatic;
				INFOPLIST_FILE = FoodTracker/Info.plist;
				LD_RUNPATH_SEARCH_PATHS = "$(inherited) @executable_path/Frameworks";
				PRODUCT_BUNDLE_IDENTIFIER = com.luharsoft.apps.training.FoodTracker;
				PRODUCT_NAME = "$(TARGET_NAME)";
				SWIFT_VERSION = 4.0;
				TARGETED_DEVICE_FAMILY = 1;
			};
			name = Release;
		};
		48E4FC9F1FECAFED00295B4D /* Debug */ = {
			isa = XCBuildConfiguration;
			buildSettings = {
				ALWAYS_EMBED_SWIFT_STANDARD_LIBRARIES = YES;
				BUNDLE_LOADER = "$(TEST_HOST)";
				CODE_SIGN_STYLE = Automatic;
				INFOPLIST_FILE = FoodTrackerTests/Info.plist;
				LD_RUNPATH_SEARCH_PATHS = "$(inherited) @executable_path/Frameworks @loader_path/Frameworks";
				PRODUCT_BUNDLE_IDENTIFIER = com.luharsoft.apps.training.FoodTrackerTests;
				PRODUCT_NAME = "$(TARGET_NAME)";
				SWIFT_VERSION = 4.0;
				TARGETED_DEVICE_FAMILY = "1,2";
				TEST_HOST = "$(BUILT_PRODUCTS_DIR)/FoodTracker.app/FoodTracker";
			};
			name = Debug;
		};
		48E4FCA01FECAFED00295B4D /* Release */ = {
			isa = XCBuildConfiguration;
			buildSettings = {
				ALWAYS_EMBED_SWIFT_STANDARD_LIBRARIES = YES;
				BUNDLE_LOADER = "$(TEST_HOST)";
				CODE_SIGN_STYLE = Automatic;
				INFOPLIST_FILE = FoodTrackerTests/Info.plist;
				LD_RUNPATH_SEARCH_PATHS = "$(inherited) @executable_path/Frameworks @loader_path/Frameworks";
				PRODUCT_BUNDLE_IDENTIFIER = com.luharsoft.apps.training.FoodTrackerTests;
				PRODUCT_NAME = "$(TARGET_NAME)";
				SWIFT_VERSION = 4.0;
				TARGETED_DEVICE_FAMILY = "1,2";
				TEST_HOST = "$(BUILT_PRODUCTS_DIR)/FoodTracker.app/FoodTracker";
			};
			name = Release;
		};
/* End XCBuildConfiguration section */

/* Begin XCConfigurationList section */
		48E4FC791FECAFED00295B4D /* Build configuration list for PBXProject "FoodTracker" */ = {
			isa = XCConfigurationList;
			buildConfigurations = (
				48E4FC991FECAFED00295B4D /* Debug */,
				48E4FC9A1FECAFED00295B4D /* Release */,
			);
			defaultConfigurationIsVisible = 0;
			defaultConfigurationName = Release;
		};
		48E4FC9B1FECAFED00295B4D /* Build configuration list for PBXNativeTarget "FoodTracker" */ = {
			isa = XCConfigurationList;
			buildConfigurations = (
				48E4FC9C1FECAFED00295B4D /* Debug */,
				48E4FC9D1FECAFED00295B4D /* Release */,
			);
			defaultConfigurationIsVisible = 0;
			defaultConfigurationName = Release;
		};
		48E4FC9E1FECAFED00295B4D /* Build configuration list for PBXNativeTarget "FoodTrackerTests" */ = {
			isa = XCConfigurationList;
			buildConfigurations = (
				48E4FC9F1FECAFED00295B4D /* Debug */,
				48E4FCA01FECAFED00295B4D /* Release */,
			);
			defaultConfigurationIsVisible = 0;
			defaultConfigurationName = Release;
		};
/* End XCConfigurationList section */
	};
	rootObject = 48E4FC761FECAFED00295B4D /* Project object */;
}
